
Microsoft Visual Studio Solution File, Format Version 12.00
# Visual Studio Version 16
VisualStudioVersion = 16.0.32126.315
MinimumVisualStudioVersion = 10.0.40219.1
Project("{8BC9CEB8-8B4A-11D0-8D11-00A0C91BC942}") = "Project_DS", "Project_DS.vcxproj", "{5ADEBB79-17F1-430D-AE7A-F774CC4F6811}"
EndProject
Global
	GlobalSection(SolutionConfigurationPlatforms) = preSolution
		Debug|x64 = Debug|x64
		Debug|x86 = Debug|x86
		Release|x64 = Release|x64
		Release|x86 = Release|x86
	EndGlobalSection
	GlobalSection(ProjectConfigurationPlatforms) = postSolution
		{5ADEBB79-17F1-430D-AE7A-F774CC4F6811}.Debug|x64.ActiveCfg = Debug|x64
		{5ADEBB79-17F1-430D-AE7A-F774CC4F6811}.Debug|x64.Build.0 = Debug|x64
		{5ADEBB79-17F1-430D-AE7A-F774CC4F6811}.Debug|x86.ActiveCfg = Debug|Win32
		{5ADEBB79-17F1-430D-AE7A-F774CC4F6811}.Debug|x86.Build.0 = Debug|Win32
		{5ADEBB79-17F1-430D-AE7A-F774CC4F6811}.Release|x64.ActiveCfg = Release|x64
		{5ADEBB79-17F1-430D-AE7A-F774CC4F6811}.Release|x64.Build.0 = Release|x64
		{5ADEBB79-17F1-430D-AE7A-F774CC4F6811}.Release|x86.ActiveCfg = Release|Win32
		{5ADEBB79-17F1-430D-AE7A-F774CC4F6811}.Release|x86.Build.0 = Release|Win32
	EndGlobalSection
	GlobalSection(SolutionProperties) = preSolution
		HideSolutionNode = FALSE
	EndGlobalSection
	GlobalSection(ExtensibilityGlobals) = postSolution
		SolutionGuid = {B0ADD11C-0BDA-4C7A-8CEC-F93F7DADA443}
	EndGlobalSection
EndGlobal
